PODS:
  - FMDB (2.6.2):
    - FMDB/standard (= 2.6.2)
  - FMDB/standard (2.6.2)
  - JCore (1.1.1)
  - JPush (3.0.2):
    - JCore (~> 1.1.1)
  - MBProgressHUD (1.0.0)
  - MJExtension (3.0.13)
  - MJRefresh (3.1.12)
  - MMDrawerController (0.5.7):
    - MMDrawerController/Core (= 0.5.7)
    - MMDrawerController/MMDrawerBarButtonItem (= 0.5.7)
    - MMDrawerController/MMDrawerVisualStates (= 0.5.7)
    - MMDrawerController/Subclass (= 0.5.7)
  - MMDrawerController/Core (0.5.7)
  - MMDrawerController/MMDrawerBarButtonItem (0.5.7):
    - MMDrawerController/Core
  - MMDrawerController/MMDrawerVisualStates (0.5.7):
    - MMDrawerController/Core
  - MMDrawerController/Subclass (0.5.7):
    - MMDrawerController/Core
  - MTSetting (1.0.5)

DEPENDENCIES:
  - FMDB
  - JPush
  - MBProgressHUD (~> 1.0.0)
  - MJExtension
  - MJRefresh (~> 3.1.12)
  - MMDrawerController (~> 0.5.7)
  - MTSetting (~> 1.0.5)

SPEC CHECKSUMS:
  FMDB: 854a0341b4726e53276f2a8996f06f1b80f9259a
  JCore: 2210a789c8efb7dc2a46b1c24d2209b995b18ad2
  JPush: 01a693fafe51b93eafc2e368bbc7a7cc07e12ce4
  MBProgressHUD: 4890f671c94e8a0f3cf959aa731e9de2f036d71a
  MJExtension: 5932755f451458eefa24239358817f8d291240c7
  MJRefresh: b96cdb21c4aa75a7b07654311ab2f315c497e806
  MMDrawerController: 7a4cf8e25596bf2434e03ce50d22a8608ddee6a1
  MTSetting: bbd876ee21f6ec1032c902b7dfb12069fa789886

PODFILE CHECKSUM: 7657277731281721284da8a3dc76ebda4800bba4

COCOAPODS: 1.2.0
